
Microsoft Visual Studio Solution File, Format Version 12.00
# Visual Studio Version 17
VisualStudioVersion = 17.1.32210.238
MinimumVisualStudioVersion = 10.0.40219.1
Project("{9A19103F-16F7-4668-BE54-9A1E7A4F7556}") = "Application", "Application\Application.csproj", "{99147144-3DC0-4BD8-BB0B-795AAFF5401C}"
EndProject
Project("{9A19103F-16F7-4668-BE54-9A1E7A4F7556}") = "Domain", "Domain\Domain.csproj", "{4ABE2F2A-5021-472B-9E55-B38CF84D001F}"
EndProject
Project("{9A19103F-16F7-4668-BE54-9A1E7A4F7556}") = "Infrastructure", "Infrastructure\Infrastructure.csproj", "{44E4E071-0348-42E6-9F15-02629D13589B}"
EndProject
Project("{9A19103F-16F7-4668-BE54-9A1E7A4F7556}") = "WebApiComplexFood", "WebApiComplexFood\WebApiComplexFood.csproj", "{3A3EB3D1-2815-41D4-9FE4-D7FF67E24CE6}"
EndProject
Project("{9A19103F-16F7-4668-BE54-9A1E7A4F7556}") = "ProjectStructure.MSTests", "ProjectStructure.MSTests\ProjectStructure.MSTests.csproj", "{87FF7024-D28B-48C4-BB58-523A1D3B165D}"
EndProject
Global
	GlobalSection(SolutionConfigurationPlatforms) = preSolution
		Debug|Any CPU = Debug|Any CPU
		Release|Any CPU = Release|Any CPU
	EndGlobalSection
	GlobalSection(ProjectConfigurationPlatforms) = postSolution
		{99147144-3DC0-4BD8-BB0B-795AAFF5401C}.Debug|Any CPU.ActiveCfg = Debug|Any CPU
		{99147144-3DC0-4BD8-BB0B-795AAFF5401C}.Debug|Any CPU.Build.0 = Debug|Any CPU
		{99147144-3DC0-4BD8-BB0B-795AAFF5401C}.Release|Any CPU.ActiveCfg = Release|Any CPU
		{99147144-3DC0-4BD8-BB0B-795AAFF5401C}.Release|Any CPU.Build.0 = Release|Any CPU
		{4ABE2F2A-5021-472B-9E55-B38CF84D001F}.Debug|Any CPU.ActiveCfg = Debug|Any CPU
		{4ABE2F2A-5021-472B-9E55-B38CF84D001F}.Debug|Any CPU.Build.0 = Debug|Any CPU
		{4ABE2F2A-5021-472B-9E55-B38CF84D001F}.Release|Any CPU.ActiveCfg = Release|Any CPU
		{4ABE2F2A-5021-472B-9E55-B38CF84D001F}.Release|Any CPU.Build.0 = Release|Any CPU
		{44E4E071-0348-42E6-9F15-02629D13589B}.Debug|Any CPU.ActiveCfg = Debug|Any CPU
		{44E4E071-0348-42E6-9F15-02629D13589B}.Debug|Any CPU.Build.0 = Debug|Any CPU
		{44E4E071-0348-42E6-9F15-02629D13589B}.Release|Any CPU.ActiveCfg = Release|Any CPU
		{44E4E071-0348-42E6-9F15-02629D13589B}.Release|Any CPU.Build.0 = Release|Any CPU
		{3A3EB3D1-2815-41D4-9FE4-D7FF67E24CE6}.Debug|Any CPU.ActiveCfg = Debug|Any CPU
		{3A3EB3D1-2815-41D4-9FE4-D7FF67E24CE6}.Debug|Any CPU.Build.0 = Debug|Any CPU
		{3A3EB3D1-2815-41D4-9FE4-D7FF67E24CE6}.Release|Any CPU.ActiveCfg = Release|Any CPU
		{3A3EB3D1-2815-41D4-9FE4-D7FF67E24CE6}.Release|Any CPU.Build.0 = Release|Any CPU
		{87FF7024-D28B-48C4-BB58-523A1D3B165D}.Debug|Any CPU.ActiveCfg = Debug|Any CPU
		{87FF7024-D28B-48C4-BB58-523A1D3B165D}.Debug|Any CPU.Build.0 = Debug|Any CPU
		{87FF7024-D28B-48C4-BB58-523A1D3B165D}.Release|Any CPU.ActiveCfg = Release|Any CPU
		{87FF7024-D28B-48C4-BB58-523A1D3B165D}.Release|Any CPU.Build.0 = Release|Any CPU
	EndGlobalSection
	GlobalSection(SolutionProperties) = preSolution
		HideSolutionNode = FALSE
	EndGlobalSection
	GlobalSection(ExtensibilityGlobals) = postSolution
		SolutionGuid = {CA6E4399-6217-43B9-BBBE-939D90B43C8F}
	EndGlobalSection
EndGlobal
